// !$*UTF8*$!
{
	archiveVersion = 1;
	classes = {
	};
	objectVersion = 56;
	objects = {

/* Begin PBXBuildFile section */
		A668E6822AF801CC0074A2A5 /* FirebaseAnalytics in Frameworks */ = {isa = PBXBuildFile; productRef = A668E6812AF801CC0074A2A5 /* FirebaseAnalytics */; };
		A668E6842AF801CC0074A2A5 /* FirebaseAppDistribution-Beta in Frameworks */ = {isa = PBXBuildFile; productRef = A668E6832AF801CC0074A2A5 /* FirebaseAppDistribution-Beta */; };
		A668E6862AF801CC0074A2A5 /* FirebaseAuth in Frameworks */ = {isa = PBXBuildFile; productRef = A668E6852AF801CC0074A2A5 /* FirebaseAuth */; };
		A668E6882AF801CC0074A2A5 /* FirebaseCrashlytics in Frameworks */ = {isa = PBXBuildFile; productRef = A668E6872AF801CC0074A2A5 /* FirebaseCrashlytics */; };
		A668E68A2AF801CC0074A2A5 /* FirebaseFirestore in Frameworks */ = {isa = PBXBuildFile; productRef = A668E6892AF801CC0074A2A5 /* FirebaseFirestore */; };
		A668E68C2AF801CC0074A2A5 /* FirebaseFirestoreSwift in Frameworks */ = {isa = PBXBuildFile; productRef = A668E68B2AF801CC0074A2A5 /* FirebaseFirestoreSwift */; };
		A668E68E2AF801CC0074A2A5 /* FirebaseFunctions in Frameworks */ = {isa = PBXBuildFile; productRef = A668E68D2AF801CC0074A2A5 /* FirebaseFunctions */; };
		A668E6902AF801CC0074A2A5 /* FirebaseInAppMessaging-Beta in Frameworks */ = {isa = PBXBuildFile; productRef = A668E68F2AF801CC0074A2A5 /* FirebaseInAppMessaging-Beta */; };
		A668E6922AF801CC0074A2A5 /* FirebaseInAppMessagingSwift-Beta in Frameworks */ = {isa = PBXBuildFile; productRef = A668E6912AF801CC0074A2A5 /* FirebaseInAppMessagingSwift-Beta */; };
		A668E6942AF801CC0074A2A5 /* FirebaseMessaging in Frameworks */ = {isa = PBXBuildFile; productRef = A668E6932AF801CC0074A2A5 /* FirebaseMessaging */; };
		A668E6962AF801CC0074A2A5 /* FirebasePerformance in Frameworks */ = {isa = PBXBuildFile; productRef = A668E6952AF801CC0074A2A5 /* FirebasePerformance */; };
		A668E6982AF801CC0074A2A5 /* FirebaseStorage in Frameworks */ = {isa = PBXBuildFile; productRef = A668E6972AF801CC0074A2A5 /* FirebaseStorage */; };
		A668E69A2AF801CC0074A2A5 /* FirebaseStorageCombine-Community in Frameworks */ = {isa = PBXBuildFile; productRef = A668E6992AF801CC0074A2A5 /* FirebaseStorageCombine-Community */; };
		A672E1D22AF1733E00256BDD /* CreateEventsPost.swift in Sources */ = {isa = PBXBuildFile; fileRef = A672E1D12AF1733E00256BDD /* CreateEventsPost.swift */; };
		A672E1D62AF1890100256BDD /* PfpPosts.swift in Sources */ = {isa = PBXBuildFile; fileRef = A672E1D52AF1890100256BDD /* PfpPosts.swift */; };
		A672E1D82AF1890B00256BDD /* PfpLikes.swift in Sources */ = {isa = PBXBuildFile; fileRef = A672E1D72AF1890B00256BDD /* PfpLikes.swift */; };
		A672E1DA2AF1891600256BDD /* PfpReposts.swift in Sources */ = {isa = PBXBuildFile; fileRef = A672E1D92AF1891600256BDD /* PfpReposts.swift */; };
		A6807D5A2AF08FA60088E934 /* EventImageCaroseul.swift in Sources */ = {isa = PBXBuildFile; fileRef = A6807D592AF08FA60088E934 /* EventImageCaroseul.swift */; };
		A6807D5C2AF0934F0088E934 /* DetailedEvent.swift in Sources */ = {isa = PBXBuildFile; fileRef = A6807D5B2AF0934F0088E934 /* DetailedEvent.swift */; };
		A6807D5E2AF0AFEF0088E934 /* EventData.swift in Sources */ = {isa = PBXBuildFile; fileRef = A6807D5D2AF0AFEF0088E934 /* EventData.swift */; };
		A6807D602AF0C81F0088E934 /* NewMessageViewModel.swift in Sources */ = {isa = PBXBuildFile; fileRef = A6807D5F2AF0C81F0088E934 /* NewMessageViewModel.swift */; };
		A6807D622AF0C8A00088E934 /* Constants.swift in Sources */ = {isa = PBXBuildFile; fileRef = A6807D612AF0C8A00088E934 /* Constants.swift */; };
		A69B73CC2AEC0E00008DE77E /* ProfileHeaderCell.swift in Sources */ = {isa = PBXBuildFile; fileRef = A69B73CB2AEC0E00008DE77E /* ProfileHeaderCell.swift */; };
		A69B73CE2AED5A55008DE77E /* Events.swift in Sources */ = {isa = PBXBuildFile; fileRef = A69B73CD2AED5A55008DE77E /* Events.swift */; };
		A69B73D22AEEF45A008DE77E /* EventPreview.swift in Sources */ = {isa = PBXBuildFile; fileRef = A69B73D12AEEF45A008DE77E /* EventPreview.swift */; };
		A6CBB1782ADE3B16001437C7 /* Messages.swift in Sources */ = {isa = PBXBuildFile; fileRef = A6CBB1772ADE3B16001437C7 /* Messages.swift */; };
		A6CBB17A2ADE416C001437C7 /* MessageData.swift in Sources */ = {isa = PBXBuildFile; fileRef = A6CBB1792ADE416C001437C7 /* MessageData.swift */; };
		A6CBB17C2ADEFA28001437C7 /* UserPostView.swift in Sources */ = {isa = PBXBuildFile; fileRef = A6CBB17B2ADEFA28001437C7 /* UserPostView.swift */; };
		A6CBE8C62AD8EEC000379839 /* Profile.swift in Sources */ = {isa = PBXBuildFile; fileRef = A6CBE8C52AD8EEC000379839 /* Profile.swift */; };
		A6CBE8C82AD8EEEC00379839 /* EditProfile.swift in Sources */ = {isa = PBXBuildFile; fileRef = A6CBE8C72AD8EEEC00379839 /* EditProfile.swift */; };
		A6CBE8CB2AD8EF2600379839 /* ProfileTabFilter.swift in Sources */ = {isa = PBXBuildFile; fileRef = A6CBE8CA2AD8EF2600379839 /* ProfileTabFilter.swift */; };
		A6CBE8CD2AD8EF9F00379839 /* CircularProfilePicture.swift in Sources */ = {isa = PBXBuildFile; fileRef = A6CBE8CC2AD8EF9F00379839 /* CircularProfilePicture.swift */; };
		A6CBE8CF2AD8EFCE00379839 /* PostCell.swift in Sources */ = {isa = PBXBuildFile; fileRef = A6CBE8CE2AD8EFCE00379839 /* PostCell.swift */; };
		A6CBE8D12AD8F09100379839 /* UserCell.swift in Sources */ = {isa = PBXBuildFile; fileRef = A6CBE8D02AD8F09100379839 /* UserCell.swift */; };
		A6CBE8D42AD8F5FE00379839 /* TabBar.swift in Sources */ = {isa = PBXBuildFile; fileRef = A6CBE8D32AD8F5FE00379839 /* TabBar.swift */; };
		A6CBE8D62AD8F64F00379839 /* CreatePost.swift in Sources */ = {isa = PBXBuildFile; fileRef = A6CBE8D52AD8F64F00379839 /* CreatePost.swift */; };
		A6CBE8D82AD8F65F00379839 /* Marketplace.swift in Sources */ = {isa = PBXBuildFile; fileRef = A6CBE8D72AD8F65F00379839 /* Marketplace.swift */; };
		A6CBE8DA2AD8F67200379839 /* Feed.swift in Sources */ = {isa = PBXBuildFile; fileRef = A6CBE8D92AD8F67200379839 /* Feed.swift */; };
		A6CBE8DC2AD8F6DA00379839 /* Search.swift in Sources */ = {isa = PBXBuildFile; fileRef = A6CBE8DB2AD8F6DA00379839 /* Search.swift */; };
		A6CBE8E02AD8FAE600379839 /* PostData.swift in Sources */ = {isa = PBXBuildFile; fileRef = A6CBE8DF2AD8FAE600379839 /* PostData.swift */; };
		A6CBE8E22ADA0F3700379839 /* Signoutbutton.swift in Sources */ = {isa = PBXBuildFile; fileRef = A6CBE8E12ADA0F3700379839 /* Signoutbutton.swift */; };
		A6CBE8E42ADB263E00379839 /* PostlistView.swift in Sources */ = {isa = PBXBuildFile; fileRef = A6CBE8E32ADB263E00379839 /* PostlistView.swift */; };
		A6CBE8E82ADB6DDC00379839 /* usernameSearch.swift in Sources */ = {isa = PBXBuildFile; fileRef = A6CBE8E72ADB6DDC00379839 /* usernameSearch.swift */; };
		A6DD76B52AF5E67C000856F2 /* VendorData.swift in Sources */ = {isa = PBXBuildFile; fileRef = A6DD76B42AF5E67C000856F2 /* VendorData.swift */; };
		A6DD76B72AF5E9B4000856F2 /* AuthData.swift in Sources */ = {isa = PBXBuildFile; fileRef = A6DD76B62AF5E9B4000856F2 /* AuthData.swift */; };
		A6DD76B92AF6BFA1000856F2 /* UserManager.swift in Sources */ = {isa = PBXBuildFile; fileRef = A6DD76B82AF6BFA1000856F2 /* UserManager.swift */; };
		A6DD76BB2AF708AC000856F2 /* CategoryList.swift in Sources */ = {isa = PBXBuildFile; fileRef = A6DD76BA2AF708AC000856F2 /* CategoryList.swift */; };
		A6DD76BD2AF70C09000856F2 /* CategoryModel.swift in Sources */ = {isa = PBXBuildFile; fileRef = A6DD76BC2AF70C09000856F2 /* CategoryModel.swift */; };
		A6DD76BF2AF70CEF000856F2 /* Product.swift in Sources */ = {isa = PBXBuildFile; fileRef = A6DD76BE2AF70CEF000856F2 /* Product.swift */; };
		A6DD76C12AF712C6000856F2 /* ProductCard.swift in Sources */ = {isa = PBXBuildFile; fileRef = A6DD76C02AF712C6000856F2 /* ProductCard.swift */; };
		A6DD76C32AF71AAF000856F2 /* Collections.swift in Sources */ = {isa = PBXBuildFile; fileRef = A6DD76C22AF71AAF000856F2 /* Collections.swift */; };
		A6DD76C52AF71E73000856F2 /* SmallProductCard.swift in Sources */ = {isa = PBXBuildFile; fileRef = A6DD76C42AF71E73000856F2 /* SmallProductCard.swift */; };
		A6DD76C72AF7204D000856F2 /* Cart.swift in Sources */ = {isa = PBXBuildFile; fileRef = A6DD76C62AF7204D000856F2 /* Cart.swift */; };
		A6DD76C92AF7219B000856F2 /* CartProductCard.swift in Sources */ = {isa = PBXBuildFile; fileRef = A6DD76C82AF7219B000856F2 /* CartProductCard.swift */; };
		A6EB1C092AD3310600A7A89F /* OnCampAppApp.swift in Sources */ = {isa = PBXBuildFile; fileRef = A6EB1C082AD3310600A7A89F /* OnCampAppApp.swift */; };
		A6EB1C0D2AD3310800A7A89F /* Assets.xcassets in Resources */ = {isa = PBXBuildFile; fileRef = A6EB1C0C2AD3310800A7A89F /* Assets.xcassets */; };
		A6EB1C102AD3310800A7A89F /* Preview Assets.xcassets in Resources */ = {isa = PBXBuildFile; fileRef = A6EB1C0F2AD3310800A7A89F /* Preview Assets.xcassets */; };
		A6EB1C1A2AD3310800A7A89F /* OnCampAppTests.swift in Sources */ = {isa = PBXBuildFile; fileRef = A6EB1C192AD3310800A7A89F /* OnCampAppTests.swift */; };
		A6EB1C242AD3310800A7A89F /* OnCampAppUITests.swift in Sources */ = {isa = PBXBuildFile; fileRef = A6EB1C232AD3310800A7A89F /* OnCampAppUITests.swift */; };
		A6EB1C262AD3310800A7A89F /* OnCampAppUITestsLaunchTests.swift in Sources */ = {isa = PBXBuildFile; fileRef = A6EB1C252AD3310800A7A89F /* OnCampAppUITestsLaunchTests.swift */; };
		A6EB1C352AD331EF00A7A89F /* GoogleService-Info.plist in Resources */ = {isa = PBXBuildFile; fileRef = A6EB1C342AD331EF00A7A89F /* GoogleService-Info.plist */; };
		A6EB1C4C2AD4A7F500A7A89F /* Landing.swift in Sources */ = {isa = PBXBuildFile; fileRef = A6EB1C4B2AD4A7F500A7A89F /* Landing.swift */; };
		A6EB1C4F2AD4B39C00A7A89F /* SignIn.swift in Sources */ = {isa = PBXBuildFile; fileRef = A6EB1C4E2AD4B39C00A7A89F /* SignIn.swift */; };
		A6EB1C512AD4B4C200A7A89F /* ForgotPassword.swift in Sources */ = {isa = PBXBuildFile; fileRef = A6EB1C502AD4B4C200A7A89F /* ForgotPassword.swift */; };
		A6EB1C532AD4B4FF00A7A89F /* SignUp.swift in Sources */ = {isa = PBXBuildFile; fileRef = A6EB1C522AD4B4FF00A7A89F /* SignUp.swift */; };
		A6EB1C552AD4BC9200A7A89F /* CreateAccount.swift in Sources */ = {isa = PBXBuildFile; fileRef = A6EB1C542AD4BC9200A7A89F /* CreateAccount.swift */; };
		A6EB1C572AD4BF1100A7A89F /* SelectInterests.swift in Sources */ = {isa = PBXBuildFile; fileRef = A6EB1C562AD4BF1100A7A89F /* SelectInterests.swift */; };
		A6EB1C592AD4C10E00A7A89F /* AuthViewModel.swift in Sources */ = {isa = PBXBuildFile; fileRef = A6EB1C582AD4C10E00A7A89F /* AuthViewModel.swift */; };
		A6EB1C5C2AD4C30100A7A89F /* UserData.swift in Sources */ = {isa = PBXBuildFile; fileRef = A6EB1C5B2AD4C30100A7A89F /* UserData.swift */; };
		A6EB1C5E2AD4C3B000A7A89F /* imagePicker.swift in Sources */ = {isa = PBXBuildFile; fileRef = A6EB1C5D2AD4C3B000A7A89F /* imagePicker.swift */; };
		A6FBD2FB2ADEFD3700BC0F60 /* Social.swift in Sources */ = {isa = PBXBuildFile; fileRef = A6FBD2FA2ADEFD3700BC0F60 /* Social.swift */; };
		A6FBD2FD2ADF015000BC0F60 /* Notifications.swift in Sources */ = {isa = PBXBuildFile; fileRef = A6FBD2FC2ADF015000BC0F60 /* Notifications.swift */; };
		A6FBD2FF2ADF080600BC0F60 /* CMPreviewBox.swift in Sources */ = {isa = PBXBuildFile; fileRef = A6FBD2FE2ADF080600BC0F60 /* CMPreviewBox.swift */; };
		A6FBD3012ADF0EB200BC0F60 /* MessageCell.swift in Sources */ = {isa = PBXBuildFile; fileRef = A6FBD3002ADF0EB100BC0F60 /* MessageCell.swift */; };
		A6FBD3032ADF0EC900BC0F60 /* ChannelCell.swift in Sources */ = {isa = PBXBuildFile; fileRef = A6FBD3022ADF0EC900BC0F60 /* ChannelCell.swift */; };
		A6FBD3052ADF148E00BC0F60 /* CreateMessage.swift in Sources */ = {isa = PBXBuildFile; fileRef = A6FBD3042ADF148E00BC0F60 /* CreateMessage.swift */; };
		A6FBD3082ADF19EC00BC0F60 /* MessagesTabBar.swift in Sources */ = {isa = PBXBuildFile; fileRef = A6FBD3072ADF19EC00BC0F60 /* MessagesTabBar.swift */; };
		A6FBD30A2ADF1BF600BC0F60 /* Channels.swift in Sources */ = {isa = PBXBuildFile; fileRef = A6FBD3092ADF1BF600BC0F60 /* Channels.swift */; };
		A6FBD30C2ADF258B00BC0F60 /* ChatBubble.swift in Sources */ = {isa = PBXBuildFile; fileRef = A6FBD30B2ADF258B00BC0F60 /* ChatBubble.swift */; };
		A6FBD30E2ADF28A500BC0F60 /* DetailedChatBubbles.swift in Sources */ = {isa = PBXBuildFile; fileRef = A6FBD30D2ADF28A500BC0F60 /* DetailedChatBubbles.swift */; };
		A6FBD3102ADF2E2200BC0F60 /* Chat.swift in Sources */ = {isa = PBXBuildFile; fileRef = A6FBD30F2ADF2E2200BC0F60 /* Chat.swift */; };
		A6FBD3122ADF3D6000BC0F60 /* CustomChatInput.swift in Sources */ = {isa = PBXBuildFile; fileRef = A6FBD3112ADF3D5F00BC0F60 /* CustomChatInput.swift */; };
		A6FBD3142AE1F29B00BC0F60 /* CMCells.swift in Sources */ = {isa = PBXBuildFile; fileRef = A6FBD3132AE1F29B00BC0F60 /* CMCells.swift */; };
		A6FBD3162AE74B3F00BC0F60 /* DetailedPosts.swift in Sources */ = {isa = PBXBuildFile; fileRef = A6FBD3152AE74B3F00BC0F60 /* DetailedPosts.swift */; };
		A6FBD3182AE7588400BC0F60 /* DetailedPostCell.swift in Sources */ = {isa = PBXBuildFile; fileRef = A6FBD3172AE7588400BC0F60 /* DetailedPostCell.swift */; };
		A6FBD31A2AE758D700BC0F60 /* DetailedCommentCell.swift in Sources */ = {isa = PBXBuildFile; fileRef = A6FBD3192AE758D700BC0F60 /* DetailedCommentCell.swift */; };
/* End PBXBuildFile section */

/* Begin PBXContainerItemProxy section */
		A6EB1C162AD3310800A7A89F /* PBXContainerItemProxy */ = {
			isa = PBXContainerItemProxy;
			containerPortal = A6EB1BFD2AD3310600A7A89F /* Project object */;
			proxyType = 1;
			remoteGlobalIDString = A6EB1C042AD3310600A7A89F;
			remoteInfo = OnCampApp;
		};
		A6EB1C202AD3310800A7A89F /* PBXContainerItemProxy */ = {
			isa = PBXContainerItemProxy;
			containerPortal = A6EB1BFD2AD3310600A7A89F /* Project object */;
			proxyType = 1;
			remoteGlobalIDString = A6EB1C042AD3310600A7A89F;
			remoteInfo = OnCampApp;
		};
/* End PBXContainerItemProxy section */

/* Begin PBXFileReference section */
		A672E1D12AF1733E00256BDD /* CreateEventsPost.swift */ = {isa = PBXFileReference; lastKnownFileType = sourcecode.swift; path = CreateEventsPost.swift; sourceTree = "<group>"; };
		A672E1D52AF1890100256BDD /* PfpPosts.swift */ = {isa = PBXFileReference; lastKnownFileType = sourcecode.swift; path = PfpPosts.swift; sourceTree = "<group>"; };
		A672E1D72AF1890B00256BDD /* PfpLikes.swift */ = {isa = PBXFileReference; lastKnownFileType = sourcecode.swift; path = PfpLikes.swift; sourceTree = "<group>"; };
		A672E1D92AF1891600256BDD /* PfpReposts.swift */ = {isa = PBXFileReference; lastKnownFileType = sourcecode.swift; path = PfpReposts.swift; sourceTree = "<group>"; };
		A6807D592AF08FA60088E934 /* EventImageCaroseul.swift */ = {isa = PBXFileReference; lastKnownFileType = sourcecode.swift; path = EventImageCaroseul.swift; sourceTree = "<group>"; };
		A6807D5B2AF0934F0088E934 /* DetailedEvent.swift */ = {isa = PBXFileReference; lastKnownFileType = sourcecode.swift; path = DetailedEvent.swift; sourceTree = "<group>"; };
		A6807D5D2AF0AFEF0088E934 /* EventData.swift */ = {isa = PBXFileReference; lastKnownFileType = sourcecode.swift; path = EventData.swift; sourceTree = "<group>"; };
		A6807D5F2AF0C81F0088E934 /* NewMessageViewModel.swift */ = {isa = PBXFileReference; lastKnownFileType = sourcecode.swift; path = NewMessageViewModel.swift; sourceTree = "<group>"; };
		A6807D612AF0C8A00088E934 /* Constants.swift */ = {isa = PBXFileReference; lastKnownFileType = sourcecode.swift; path = Constants.swift; sourceTree = "<group>"; };
		A69B73CB2AEC0E00008DE77E /* ProfileHeaderCell.swift */ = {isa = PBXFileReference; lastKnownFileType = sourcecode.swift; path = ProfileHeaderCell.swift; sourceTree = "<group>"; };
		A69B73CD2AED5A55008DE77E /* Events.swift */ = {isa = PBXFileReference; lastKnownFileType = sourcecode.swift; path = Events.swift; sourceTree = "<group>"; };
		A69B73D12AEEF45A008DE77E /* EventPreview.swift */ = {isa = PBXFileReference; lastKnownFileType = sourcecode.swift; path = EventPreview.swift; sourceTree = "<group>"; };
		A6CBB1772ADE3B16001437C7 /* Messages.swift */ = {isa = PBXFileReference; lastKnownFileType = sourcecode.swift; path = Messages.swift; sourceTree = "<group>"; };
		A6CBB1792ADE416C001437C7 /* MessageData.swift */ = {isa = PBXFileReference; lastKnownFileType = sourcecode.swift; path = MessageData.swift; sourceTree = "<group>"; };
		A6CBB17B2ADEFA28001437C7 /* UserPostView.swift */ = {isa = PBXFileReference; lastKnownFileType = sourcecode.swift; path = UserPostView.swift; sourceTree = "<group>"; };
		A6CBE8C52AD8EEC000379839 /* Profile.swift */ = {isa = PBXFileReference; lastKnownFileType = sourcecode.swift; path = Profile.swift; sourceTree = "<group>"; };
		A6CBE8C72AD8EEEC00379839 /* EditProfile.swift */ = {isa = PBXFileReference; lastKnownFileType = sourcecode.swift; path = EditProfile.swift; sourceTree = "<group>"; };
		A6CBE8CA2AD8EF2600379839 /* ProfileTabFilter.swift */ = {isa = PBXFileReference; lastKnownFileType = sourcecode.swift; path = ProfileTabFilter.swift; sourceTree = "<group>"; };
		A6CBE8CC2AD8EF9F00379839 /* CircularProfilePicture.swift */ = {isa = PBXFileReference; lastKnownFileType = sourcecode.swift; path = CircularProfilePicture.swift; sourceTree = "<group>"; };
		A6CBE8CE2AD8EFCE00379839 /* PostCell.swift */ = {isa = PBXFileReference; lastKnownFileType = sourcecode.swift; path = PostCell.swift; sourceTree = "<group>"; };
		A6CBE8D02AD8F09100379839 /* UserCell.swift */ = {isa = PBXFileReference; lastKnownFileType = sourcecode.swift; path = UserCell.swift; sourceTree = "<group>"; };
		A6CBE8D32AD8F5FE00379839 /* TabBar.swift */ = {isa = PBXFileReference; lastKnownFileType = sourcecode.swift; path = TabBar.swift; sourceTree = "<group>"; };
		A6CBE8D52AD8F64F00379839 /* CreatePost.swift */ = {isa = PBXFileReference; lastKnownFileType = sourcecode.swift; path = CreatePost.swift; sourceTree = "<group>"; };
		A6CBE8D72AD8F65F00379839 /* Marketplace.swift */ = {isa = PBXFileReference; lastKnownFileType = sourcecode.swift; path = Marketplace.swift; sourceTree = "<group>"; };
		A6CBE8D92AD8F67200379839 /* Feed.swift */ = {isa = PBXFileReference; lastKnownFileType = sourcecode.swift; path = Feed.swift; sourceTree = "<group>"; };
		A6CBE8DB2AD8F6DA00379839 /* Search.swift */ = {isa = PBXFileReference; lastKnownFileType = sourcecode.swift; path = Search.swift; sourceTree = "<group>"; };
		A6CBE8DF2AD8FAE600379839 /* PostData.swift */ = {isa = PBXFileReference; lastKnownFileType = sourcecode.swift; path = PostData.swift; sourceTree = "<group>"; };
		A6CBE8E12ADA0F3700379839 /* Signoutbutton.swift */ = {isa = PBXFileReference; lastKnownFileType = sourcecode.swift; path = Signoutbutton.swift; sourceTree = "<group>"; };
		A6CBE8E32ADB263E00379839 /* PostlistView.swift */ = {isa = PBXFileReference; lastKnownFileType = sourcecode.swift; path = PostlistView.swift; sourceTree = "<group>"; };
		A6CBE8E72ADB6DDC00379839 /* usernameSearch.swift */ = {isa = PBXFileReference; lastKnownFileType = sourcecode.swift; path = usernameSearch.swift; sourceTree = "<group>"; };
		A6DD76B42AF5E67C000856F2 /* VendorData.swift */ = {isa = PBXFileReference; lastKnownFileType = sourcecode.swift; path = VendorData.swift; sourceTree = "<group>"; };
		A6DD76B62AF5E9B4000856F2 /* AuthData.swift */ = {isa = PBXFileReference; lastKnownFileType = sourcecode.swift; path = AuthData.swift; sourceTree = "<group>"; };
		A6DD76B82AF6BFA1000856F2 /* UserManager.swift */ = {isa = PBXFileReference; lastKnownFileType = sourcecode.swift; path = UserManager.swift; sourceTree = "<group>"; };
		A6DD76BA2AF708AC000856F2 /* CategoryList.swift */ = {isa = PBXFileReference; lastKnownFileType = sourcecode.swift; path = CategoryList.swift; sourceTree = "<group>"; };
		A6DD76BC2AF70C09000856F2 /* CategoryModel.swift */ = {isa = PBXFileReference; lastKnownFileType = sourcecode.swift; path = CategoryModel.swift; sourceTree = "<group>"; };
		A6DD76BE2AF70CEF000856F2 /* Product.swift */ = {isa = PBXFileReference; lastKnownFileType = sourcecode.swift; path = Product.swift; sourceTree = "<group>"; };
		A6DD76C02AF712C6000856F2 /* ProductCard.swift */ = {isa = PBXFileReference; lastKnownFileType = sourcecode.swift; path = ProductCard.swift; sourceTree = "<group>"; };
		A6DD76C22AF71AAF000856F2 /* Collections.swift */ = {isa = PBXFileReference; lastKnownFileType = sourcecode.swift; path = Collections.swift; sourceTree = "<group>"; };
		A6DD76C42AF71E73000856F2 /* SmallProductCard.swift */ = {isa = PBXFileReference; lastKnownFileType = sourcecode.swift; path = SmallProductCard.swift; sourceTree = "<group>"; };
		A6DD76C62AF7204D000856F2 /* Cart.swift */ = {isa = PBXFileReference; lastKnownFileType = sourcecode.swift; path = Cart.swift; sourceTree = "<group>"; };
		A6DD76C82AF7219B000856F2 /* CartProductCard.swift */ = {isa = PBXFileReference; lastKnownFileType = sourcecode.swift; path = CartProductCard.swift; sourceTree = "<group>"; };
		A6EB1C052AD3310600A7A89F /* OnCampApp.app */ = {isa = PBXFileReference; explicitFileType = wrapper.application; includeInIndex = 0; path = OnCampApp.app; sourceTree = BUILT_PRODUCTS_DIR; };
		A6EB1C082AD3310600A7A89F /* OnCampAppApp.swift */ = {isa = PBXFileReference; lastKnownFileType = sourcecode.swift; path = OnCampAppApp.swift; sourceTree = "<group>"; };
		A6EB1C0C2AD3310800A7A89F /* Assets.xcassets */ = {isa = PBXFileReference; lastKnownFileType = folder.assetcatalog; path = Assets.xcassets; sourceTree = "<group>"; };
		A6EB1C0F2AD3310800A7A89F /* Preview Assets.xcassets */ = {isa = PBXFileReference; lastKnownFileType = folder.assetcatalog; path = "Preview Assets.xcassets"; sourceTree = "<group>"; };
		A6EB1C152AD3310800A7A89F /* OnCampAppTests.xctest */ = {isa = PBXFileReference; explicitFileType = wrapper.cfbundle; includeInIndex = 0; path = OnCampAppTests.xctest; sourceTree = BUILT_PRODUCTS_DIR; };
		A6EB1C192AD3310800A7A89F /* OnCampAppTests.swift */ = {isa = PBXFileReference; lastKnownFileType = sourcecode.swift; path = OnCampAppTests.swift; sourceTree = "<group>"; };
		A6EB1C1F2AD3310800A7A89F /* OnCampAppUITests.xctest */ = {isa = PBXFileReference; explicitFileType = wrapper.cfbundle; includeInIndex = 0; path = OnCampAppUITests.xctest; sourceTree = BUILT_PRODUCTS_DIR; };
		A6EB1C232AD3310800A7A89F /* OnCampAppUITests.swift */ = {isa = PBXFileReference; lastKnownFileType = sourcecode.swift; path = OnCampAppUITests.swift; sourceTree = "<group>"; };
		A6EB1C252AD3310800A7A89F /* OnCampAppUITestsLaunchTests.swift */ = {isa = PBXFileReference; lastKnownFileType = sourcecode.swift; path = OnCampAppUITestsLaunchTests.swift; sourceTree = "<group>"; };
		A6EB1C342AD331EF00A7A89F /* GoogleService-Info.plist */ = {isa = PBXFileReference; fileEncoding = 4; lastKnownFileType = text.plist.xml; path = "GoogleService-Info.plist"; sourceTree = "<group>"; };
		A6EB1C4B2AD4A7F500A7A89F /* Landing.swift */ = {isa = PBXFileReference; lastKnownFileType = sourcecode.swift; path = Landing.swift; sourceTree = "<group>"; };
		A6EB1C4E2AD4B39C00A7A89F /* SignIn.swift */ = {isa = PBXFileReference; lastKnownFileType = sourcecode.swift; path = SignIn.swift; sourceTree = "<group>"; };
		A6EB1C502AD4B4C200A7A89F /* ForgotPassword.swift */ = {isa = PBXFileReference; lastKnownFileType = sourcecode.swift; path = ForgotPassword.swift; sourceTree = "<group>"; };
		A6EB1C522AD4B4FF00A7A89F /* SignUp.swift */ = {isa = PBXFileReference; lastKnownFileType = sourcecode.swift; path = SignUp.swift; sourceTree = "<group>"; };
		A6EB1C542AD4BC9200A7A89F /* CreateAccount.swift */ = {isa = PBXFileReference; lastKnownFileType = sourcecode.swift; path = CreateAccount.swift; sourceTree = "<group>"; };
		A6EB1C562AD4BF1100A7A89F /* SelectInterests.swift */ = {isa = PBXFileReference; lastKnownFileType = sourcecode.swift; path = SelectInterests.swift; sourceTree = "<group>"; };
		A6EB1C582AD4C10E00A7A89F /* AuthViewModel.swift */ = {isa = PBXFileReference; lastKnownFileType = sourcecode.swift; path = AuthViewModel.swift; sourceTree = "<group>"; };
		A6EB1C5B2AD4C30100A7A89F /* UserData.swift */ = {isa = PBXFileReference; lastKnownFileType = sourcecode.swift; path = UserData.swift; sourceTree = "<group>"; };
		A6EB1C5D2AD4C3B000A7A89F /* imagePicker.swift */ = {isa = PBXFileReference; lastKnownFileType = sourcecode.swift; path = imagePicker.swift; sourceTree = "<group>"; };
		A6FBD2FA2ADEFD3700BC0F60 /* Social.swift */ = {isa = PBXFileReference; lastKnownFileType = sourcecode.swift; path = Social.swift; sourceTree = "<group>"; };
		A6FBD2FC2ADF015000BC0F60 /* Notifications.swift */ = {isa = PBXFileReference; lastKnownFileType = sourcecode.swift; path = Notifications.swift; sourceTree = "<group>"; };
		A6FBD2FE2ADF080600BC0F60 /* CMPreviewBox.swift */ = {isa = PBXFileReference; lastKnownFileType = sourcecode.swift; path = CMPreviewBox.swift; sourceTree = "<group>"; };
		A6FBD3002ADF0EB100BC0F60 /* MessageCell.swift */ = {isa = PBXFileReference; lastKnownFileType = sourcecode.swift; path = MessageCell.swift; sourceTree = "<group>"; };
		A6FBD3022ADF0EC900BC0F60 /* ChannelCell.swift */ = {isa = PBXFileReference; lastKnownFileType = sourcecode.swift; path = ChannelCell.swift; sourceTree = "<group>"; };
		A6FBD3042ADF148E00BC0F60 /* CreateMessage.swift */ = {isa = PBXFileReference; lastKnownFileType = sourcecode.swift; path = CreateMessage.swift; sourceTree = "<group>"; };
		A6FBD3072ADF19EC00BC0F60 /* MessagesTabBar.swift */ = {isa = PBXFileReference; lastKnownFileType = sourcecode.swift; path = MessagesTabBar.swift; sourceTree = "<group>"; };
		A6FBD3092ADF1BF600BC0F60 /* Channels.swift */ = {isa = PBXFileReference; lastKnownFileType = sourcecode.swift; path = Channels.swift; sourceTree = "<group>"; };
		A6FBD30B2ADF258B00BC0F60 /* ChatBubble.swift */ = {isa = PBXFileReference; lastKnownFileType = sourcecode.swift; path = ChatBubble.swift; sourceTree = "<group>"; };
		A6FBD30D2ADF28A500BC0F60 /* DetailedChatBubbles.swift */ = {isa = PBXFileReference; lastKnownFileType = sourcecode.swift; path = DetailedChatBubbles.swift; sourceTree = "<group>"; };
		A6FBD30F2ADF2E2200BC0F60 /* Chat.swift */ = {isa = PBXFileReference; lastKnownFileType = sourcecode.swift; path = Chat.swift; sourceTree = "<group>"; };
		A6FBD3112ADF3D5F00BC0F60 /* CustomChatInput.swift */ = {isa = PBXFileReference; lastKnownFileType = sourcecode.swift; path = CustomChatInput.swift; sourceTree = "<group>"; };
		A6FBD3132AE1F29B00BC0F60 /* CMCells.swift */ = {isa = PBXFileReference; lastKnownFileType = sourcecode.swift; path = CMCells.swift; sourceTree = "<group>"; };
		A6FBD3152AE74B3F00BC0F60 /* DetailedPosts.swift */ = {isa = PBXFileReference; lastKnownFileType = sourcecode.swift; path = DetailedPosts.swift; sourceTree = "<group>"; };
		A6FBD3172AE7588400BC0F60 /* DetailedPostCell.swift */ = {isa = PBXFileReference; lastKnownFileType = sourcecode.swift; path = DetailedPostCell.swift; sourceTree = "<group>"; };
		A6FBD3192AE758D700BC0F60 /* DetailedCommentCell.swift */ = {isa = PBXFileReference; lastKnownFileType = sourcecode.swift; path = DetailedCommentCell.swift; sourceTree = "<group>"; };
/* End PBXFileReference section */

/* Begin PBXFrameworksBuildPhase section */
		A6EB1C022AD3310600A7A89F /* Frameworks */ = {
			isa = PBXFrameworksBuildPhase;
			buildActionMask = 2147483647;
			files = (
				A668E6962AF801CC0074A2A5 /* FirebasePerformance in Frameworks */,
				A668E6822AF801CC0074A2A5 /* FirebaseAnalytics in Frameworks */,
				A668E68E2AF801CC0074A2A5 /* FirebaseFunctions in Frameworks */,
				A668E69A2AF801CC0074A2A5 /* FirebaseStorageCombine-Community in Frameworks */,
				A668E6942AF801CC0074A2A5 /* FirebaseMessaging in Frameworks */,
				A668E6882AF801CC0074A2A5 /* FirebaseCrashlytics in Frameworks */,
				A668E6982AF801CC0074A2A5 /* FirebaseStorage in Frameworks */,
				A668E6902AF801CC0074A2A5 /* FirebaseInAppMessaging-Beta in Frameworks */,
				A668E6862AF801CC0074A2A5 /* FirebaseAuth in Frameworks */,
				A668E68A2AF801CC0074A2A5 /* FirebaseFirestore in Frameworks */,
				A668E6842AF801CC0074A2A5 /* FirebaseAppDistribution-Beta in Frameworks */,
				A668E6922AF801CC0074A2A5 /* FirebaseInAppMessagingSwift-Beta in Frameworks */,
				A668E68C2AF801CC0074A2A5 /* FirebaseFirestoreSwift in Frameworks */,
			);
			runOnlyForDeploymentPostprocessing = 0;
		};
		A6EB1C122AD3310800A7A89F /* Frameworks */ = {
			isa = PBXFrameworksBuildPhase;
			buildActionMask = 2147483647;
			files = (
			);
			runOnlyForDeploymentPostprocessing = 0;
		};
		A6EB1C1C2AD3310800A7A89F /* Frameworks */ = {
			isa = PBXFrameworksBuildPhase;
			buildActionMask = 2147483647;
			files = (
			);
			runOnlyForDeploymentPostprocessing = 0;
		};
/* End PBXFrameworksBuildPhase section */

/* Begin PBXGroup section */
		A668E69B2AF94B2A0074A2A5 /* Creation */ = {
			isa = PBXGroup;
			children = (
				A668E69C2AF94B960074A2A5 /* New Group */,
				A6EB1C082AD3310600A7A89F /* OnCampAppApp.swift */,
				A6EB1C4B2AD4A7F500A7A89F /* Landing.swift */,
			);
			path = Creation;
			sourceTree = "<group>";
		};
		A668E69C2AF94B960074A2A5 /* New Group */ = {
			isa = PBXGroup;
			children = (
			);
			path = "New Group";
			sourceTree = "<group>";
		};
		A672E1DB2AF1968B00256BDD /* Views */ = {
			isa = PBXGroup;
			children = (
				A6EB1C542AD4BC9200A7A89F /* CreateAccount.swift */,
				A6EB1C502AD4B4C200A7A89F /* ForgotPassword.swift */,
				A6EB1C562AD4BF1100A7A89F /* SelectInterests.swift */,
				A6EB1C4E2AD4B39C00A7A89F /* SignIn.swift */,
				A6EB1C522AD4B4FF00A7A89F /* SignUp.swift */,
				A6CBE8E12ADA0F3700379839 /* Signoutbutton.swift */,
			);
			path = Views;
			sourceTree = "<group>";
		};
		A672E1DD2AF196B500256BDD /* ViewModels */ = {
			isa = PBXGroup;
			children = (
				A6EB1C582AD4C10E00A7A89F /* AuthViewModel.swift */,
			);
			path = ViewModels;
			sourceTree = "<group>";
		};
		A6CBE8C22AD8EE8800379839 /* Profile */ = {
			isa = PBXGroup;
			children = (
				A6CBE8C92AD8EF0100379839 /* Model */,
				A6CBE8C32AD8EE9000379839 /* View */,
			);
			path = Profile;
			sourceTree = "<group>";
		};
		A6CBE8C32AD8EE9000379839 /* View */ = {
			isa = PBXGroup;
			children = (
				A6CBE8C52AD8EEC000379839 /* Profile.swift */,
				A6CBE8C72AD8EEEC00379839 /* EditProfile.swift */,
				A672E1D52AF1890100256BDD /* PfpPosts.swift */,
				A672E1D72AF1890B00256BDD /* PfpLikes.swift */,
				A672E1D92AF1891600256BDD /* PfpReposts.swift */,
			);
			path = View;
			sourceTree = "<group>";
		};
		A6CBE8C92AD8EF0100379839 /* Model */ = {
			isa = PBXGroup;
			children = (
				A6CBE8CA2AD8EF2600379839 /* ProfileTabFilter.swift */,
			);
			path = Model;
			sourceTree = "<group>";
		};
		A6CBE8D22AD8F5F000379839 /* TabBar */ = {
			isa = PBXGroup;
			children = (
				A6CBE8D32AD8F5FE00379839 /* TabBar.swift */,
				A6FBD3072ADF19EC00BC0F60 /* MessagesTabBar.swift */,
			);
			path = TabBar;
			sourceTree = "<group>";
		};
		A6DD769E2AF32921000856F2 /* Models */ = {
			isa = PBXGroup;
			children = (
				A6DD76BC2AF70C09000856F2 /* CategoryModel.swift */,
				A6DD76BE2AF70CEF000856F2 /* Product.swift */,
			);
			path = Models;
			sourceTree = "<group>";
		};
		A6EB1BFC2AD3310600A7A89F = {
			isa = PBXGroup;
			children = (
				A6EB1C072AD3310600A7A89F /* OnCampApp */,
				A6EB1C182AD3310800A7A89F /* OnCampAppTests */,
				A6EB1C222AD3310800A7A89F /* OnCampAppUITests */,
				A6EB1C062AD3310600A7A89F /* Products */,
			);
			sourceTree = "<group>";
		};
		A6EB1C062AD3310600A7A89F /* Products */ = {
			isa = PBXGroup;
			children = (
				A6EB1C052AD3310600A7A89F /* OnCampApp.app */,
				A6EB1C152AD3310800A7A89F /* OnCampAppTests.xctest */,
				A6EB1C1F2AD3310800A7A89F /* OnCampAppUITests.xctest */,
			);
			name = Products;
			sourceTree = "<group>";
		};
		A6EB1C072AD3310600A7A89F /* OnCampApp */ = {
			isa = PBXGroup;
			children = (
				A668E69B2AF94B2A0074A2A5 /* Creation */,
				A6EB1C4D2AD4B15D00A7A89F /* Authentification */,
				A6EB1C332AD3313600A7A89F /* Components */,
				A6EB1C5A2AD4C2CF00A7A89F /* Data */,
				A6807D612AF0C8A00088E934 /* Constants.swift */,
				A6EB1C0C2AD3310800A7A89F /* Assets.xcassets */,
				A6DD769E2AF32921000856F2 /* Models */,
				A672E1DD2AF196B500256BDD /* ViewModels */,
				A6EB1C322AD3312700A7A89F /* MainViews */,
				A6EB1C342AD331EF00A7A89F /* GoogleService-Info.plist */,
				A6EB1C0E2AD3310800A7A89F /* Preview Content */,
			);
			path = OnCampApp;
			sourceTree = "<group>";
		};
		A6EB1C0E2AD3310800A7A89F /* Preview Content */ = {
			isa = PBXGroup;
			children = (
				A6EB1C0F2AD3310800A7A89F /* Preview Assets.xcassets */,
			);
			path = "Preview Content";
			sourceTree = "<group>";
		};
		A6EB1C182AD3310800A7A89F /* OnCampAppTests */ = {
			isa = PBXGroup;
			children = (
				A6EB1C192AD3310800A7A89F /* OnCampAppTests.swift */,
			);
			path = OnCampAppTests;
			sourceTree = "<group>";
		};
		A6EB1C222AD3310800A7A89F /* OnCampAppUITests */ = {
			isa = PBXGroup;
			children = (
				A6EB1C232AD3310800A7A89F /* OnCampAppUITests.swift */,
				A6EB1C252AD3310800A7A89F /* OnCampAppUITestsLaunchTests.swift */,
			);
			path = OnCampAppUITests;
			sourceTree = "<group>";
		};
		A6EB1C322AD3312700A7A89F /* MainViews */ = {
			isa = PBXGroup;
			children = (
				A6FBD3062ADF192500BC0F60 /* Messages */,
				A6CBE8D22AD8F5F000379839 /* TabBar */,
				A6CBE8C22AD8EE8800379839 /* Profile */,
				A6CBE8D52AD8F64F00379839 /* CreatePost.swift */,
				A6CBE8D92AD8F67200379839 /* Feed.swift */,
				A6CBE8D72AD8F65F00379839 /* Marketplace.swift */,
				A6CBE8DB2AD8F6DA00379839 /* Search.swift */,
				A6FBD2FA2ADEFD3700BC0F60 /* Social.swift */,
				A6FBD3152AE74B3F00BC0F60 /* DetailedPosts.swift */,
				A6CBB17B2ADEFA28001437C7 /* UserPostView.swift */,
				A6FBD2FC2ADF015000BC0F60 /* Notifications.swift */,
				A672E1D12AF1733E00256BDD /* CreateEventsPost.swift */,
			);
			path = MainViews;
			sourceTree = "<group>";
		};
		A6EB1C332AD3313600A7A89F /* Components */ = {
			isa = PBXGroup;
			children = (
				A6FBD3022ADF0EC900BC0F60 /* ChannelCell.swift */,
				A6FBD30B2ADF258B00BC0F60 /* ChatBubble.swift */,
				A6CBE8CC2AD8EF9F00379839 /* CircularProfilePicture.swift */,
				A6FBD3112ADF3D5F00BC0F60 /* CustomChatInput.swift */,
				A6FBD3132AE1F29B00BC0F60 /* CMCells.swift */,
				A6FBD2FE2ADF080600BC0F60 /* CMPreviewBox.swift */,
				A6FBD3192AE758D700BC0F60 /* DetailedCommentCell.swift */,
				A6807D5B2AF0934F0088E934 /* DetailedEvent.swift */,
				A6FBD3172AE7588400BC0F60 /* DetailedPostCell.swift */,
				A69B73CD2AED5A55008DE77E /* Events.swift */,
				A6807D592AF08FA60088E934 /* EventImageCaroseul.swift */,
				A69B73D12AEEF45A008DE77E /* EventPreview.swift */,
				A6EB1C5D2AD4C3B000A7A89F /* imagePicker.swift */,
				A6FBD3002ADF0EB100BC0F60 /* MessageCell.swift */,
				A6CBE8CE2AD8EFCE00379839 /* PostCell.swift */,
				A6CBE8E32ADB263E00379839 /* PostlistView.swift */,
				A69B73CB2AEC0E00008DE77E /* ProfileHeaderCell.swift */,
				A6CBE8D02AD8F09100379839 /* UserCell.swift */,
				A6CBE8E72ADB6DDC00379839 /* usernameSearch.swift */,
				A6DD76BA2AF708AC000856F2 /* CategoryList.swift */,
				A6DD76C02AF712C6000856F2 /* ProductCard.swift */,
				A6DD76C42AF71E73000856F2 /* SmallProductCard.swift */,
				A6DD76C22AF71AAF000856F2 /* Collections.swift */,
				A6DD76C62AF7204D000856F2 /* Cart.swift */,
				A6DD76C82AF7219B000856F2 /* CartProductCard.swift */,
			);
			path = Components;
			sourceTree = "<group>";
		};
		A6EB1C4D2AD4B15D00A7A89F /* Authentification */ = {
			isa = PBXGroup;
			children = (
				A672E1DB2AF1968B00256BDD /* Views */,
			);
			path = Authentification;
			sourceTree = "<group>";
		};
		A6EB1C5A2AD4C2CF00A7A89F /* Data */ = {
			isa = PBXGroup;
			children = (
				A6CBB1792ADE416C001437C7 /* MessageData.swift */,
				A6CBE8DF2AD8FAE600379839 /* PostData.swift */,
				A6EB1C5B2AD4C30100A7A89F /* UserData.swift */,
				A6807D5D2AF0AFEF0088E934 /* EventData.swift */,
				A6DD76B42AF5E67C000856F2 /* VendorData.swift */,
				A6DD76B62AF5E9B4000856F2 /* AuthData.swift */,
				A6DD76B82AF6BFA1000856F2 /* UserManager.swift */,
			);
			path = Data;
			sourceTree = "<group>";
		};
		A6FBD3062ADF192500BC0F60 /* Messages */ = {
			isa = PBXGroup;
			children = (
				A6CBB1772ADE3B16001437C7 /* Messages.swift */,
				A6FBD30D2ADF28A500BC0F60 /* DetailedChatBubbles.swift */,
				A6FBD3042ADF148E00BC0F60 /* CreateMessage.swift */,
				A6FBD3092ADF1BF600BC0F60 /* Channels.swift */,
				A6FBD30F2ADF2E2200BC0F60 /* Chat.swift */,
				A6807D5F2AF0C81F0088E934 /* NewMessageViewModel.swift */,
			);
			path = Messages;
			sourceTree = "<group>";
		};
/* End PBXGroup section */

/* Begin PBXNativeTarget section */
		A6EB1C042AD3310600A7A89F /* OnCampApp */ = {
			isa = PBXNativeTarget;
			buildConfigurationList = A6EB1C292AD3310800A7A89F /* Build configuration list for PBXNativeTarget "OnCampApp" */;
			buildPhases = (
				A6EB1C012AD3310600A7A89F /* Sources */,
				A6EB1C022AD3310600A7A89F /* Frameworks */,
				A6EB1C032AD3310600A7A89F /* Resources */,
			);
			buildRules = (
			);
			dependencies = (
			);
			name = OnCampApp;
			packageProductDependencies = (
				A668E6812AF801CC0074A2A5 /* FirebaseAnalytics */,
				A668E6832AF801CC0074A2A5 /* FirebaseAppDistribution-Beta */,
				A668E6852AF801CC0074A2A5 /* FirebaseAuth */,
				A668E6872AF801CC0074A2A5 /* FirebaseCrashlytics */,
				A668E6892AF801CC0074A2A5 /* FirebaseFirestore */,
				A668E68B2AF801CC0074A2A5 /* FirebaseFirestoreSwift */,
				A668E68D2AF801CC0074A2A5 /* FirebaseFunctions */,
				A668E68F2AF801CC0074A2A5 /* FirebaseInAppMessaging-Beta */,
				A668E6912AF801CC0074A2A5 /* FirebaseInAppMessagingSwift-Beta */,
				A668E6932AF801CC0074A2A5 /* FirebaseMessaging */,
				A668E6952AF801CC0074A2A5 /* FirebasePerformance */,
				A668E6972AF801CC0074A2A5 /* FirebaseStorage */,
				A668E6992AF801CC0074A2A5 /* FirebaseStorageCombine-Community */,
			);
			productName = OnCampApp;
			productReference = A6EB1C052AD3310600A7A89F /* OnCampApp.app */;
			productType = "com.apple.product-type.application";
		};
		A6EB1C142AD3310800A7A89F /* OnCampAppTests */ = {
			isa = PBXNativeTarget;
			buildConfigurationList = A6EB1C2C2AD3310800A7A89F /* Build configuration list for PBXNativeTarget "OnCampAppTests" */;
			buildPhases = (
				A6EB1C112AD3310800A7A89F /* Sources */,
				A6EB1C122AD3310800A7A89F /* Frameworks */,
				A6EB1C132AD3310800A7A89F /* Resources */,
			);
			buildRules = (
			);
			dependencies = (
				A6EB1C172AD3310800A7A89F /* PBXTargetDependency */,
			);
			name = OnCampAppTests;
			productName = OnCampAppTests;
			productReference = A6EB1C152AD3310800A7A89F /* OnCampAppTests.xctest */;
			productType = "com.apple.product-type.bundle.unit-test";
		};
		A6EB1C1E2AD3310800A7A89F /* OnCampAppUITests */ = {
			isa = PBXNativeTarget;
			buildConfigurationList = A6EB1C2F2AD3310800A7A89F /* Build configuration list for PBXNativeTarget "OnCampAppUITests" */;
			buildPhases = (
				A6EB1C1B2AD3310800A7A89F /* Sources */,
				A6EB1C1C2AD3310800A7A89F /* Frameworks */,
				A6EB1C1D2AD3310800A7A89F /* Resources */,
			);
			buildRules = (
			);
			dependencies = (
				A6EB1C212AD3310800A7A89F /* PBXTargetDependency */,
			);
			name = OnCampAppUITests;
			productName = OnCampAppUITests;
			productReference = A6EB1C1F2AD3310800A7A89F /* OnCampAppUITests.xctest */;
			productType = "com.apple.product-type.bundle.ui-testing";
		};
/* End PBXNativeTarget section */

/* Begin PBXProject section */
		A6EB1BFD2AD3310600A7A89F /* Project object */ = {
			isa = PBXProject;
			attributes = {
				BuildIndependentTargetsInParallel = 1;
				LastSwiftUpdateCheck = 1430;
				LastUpgradeCheck = 1430;
				TargetAttributes = {
					A6EB1C042AD3310600A7A89F = {
						CreatedOnToolsVersion = 14.3;
					};
					A6EB1C142AD3310800A7A89F = {
						CreatedOnToolsVersion = 14.3;
						TestTargetID = A6EB1C042AD3310600A7A89F;
					};
					A6EB1C1E2AD3310800A7A89F = {
						CreatedOnToolsVersion = 14.3;
						TestTargetID = A6EB1C042AD3310600A7A89F;
					};
				};
			};
			buildConfigurationList = A6EB1C002AD3310600A7A89F /* Build configuration list for PBXProject "OnCampApp" */;
			compatibilityVersion = "Xcode 14.0";
			developmentRegion = en;
			hasScannedForEncodings = 0;
			knownRegions = (
				en,
				Base,
			);
			mainGroup = A6EB1BFC2AD3310600A7A89F;
			packageReferences = (
				A668E6802AF801CC0074A2A5 /* XCRemoteSwiftPackageReference "firebase-ios-sdk" */,
			);
			productRefGroup = A6EB1C062AD3310600A7A89F /* Products */;
			projectDirPath = "";
			projectRoot = "";
			targets = (
				A6EB1C042AD3310600A7A89F /* OnCampApp */,
				A6EB1C142AD3310800A7A89F /* OnCampAppTests */,
				A6EB1C1E2AD3310800A7A89F /* OnCampAppUITests */,
			);
		};
/* End PBXProject section */

/* Begin PBXResourcesBuildPhase section */
		A6EB1C032AD3310600A7A89F /* Resources */ = {
			isa = PBXResourcesBuildPhase;
			buildActionMask = 2147483647;
			files = (
				A6EB1C102AD3310800A7A89F /* Preview Assets.xcassets in Resources */,
				A6EB1C352AD331EF00A7A89F /* GoogleService-Info.plist in Resources */,
				A6EB1C0D2AD3310800A7A89F /* Assets.xcassets in Resources */,
			);
			runOnlyForDeploymentPostprocessing = 0;
		};
		A6EB1C132AD3310800A7A89F /* Resources */ = {
			isa = PBXResourcesBuildPhase;
			buildActionMask = 2147483647;
			files = (
			);
			runOnlyForDeploymentPostprocessing = 0;
		};
		A6EB1C1D2AD3310800A7A89F /* Resources */ = {
			isa = PBXResourcesBuildPhase;
			buildActionMask = 2147483647;
			files = (
			);
			runOnlyForDeploymentPostprocessing = 0;
		};
/* End PBXResourcesBuildPhase section */

/* Begin PBXSourcesBuildPhase section */
		A6EB1C012AD3310600A7A89F /* Sources */ = {
			isa = PBXSourcesBuildPhase;
			buildActionMask = 2147483647;
			files = (
				A6807D5C2AF0934F0088E934 /* DetailedEvent.swift in Sources */,
				A6FBD3052ADF148E00BC0F60 /* CreateMessage.swift in Sources */,
				A69B73D22AEEF45A008DE77E /* EventPreview.swift in Sources */,
				A6CBE8CB2AD8EF2600379839 /* ProfileTabFilter.swift in Sources */,
				A6CBE8DA2AD8F67200379839 /* Feed.swift in Sources */,
				A6807D5A2AF08FA60088E934 /* EventImageCaroseul.swift in Sources */,
				A6807D602AF0C81F0088E934 /* NewMessageViewModel.swift in Sources */,
				A6807D622AF0C8A00088E934 /* Constants.swift in Sources */,
				A6FBD3142AE1F29B00BC0F60 /* CMCells.swift in Sources */,
				A6EB1C552AD4BC9200A7A89F /* CreateAccount.swift in Sources */,
				A6DD76C92AF7219B000856F2 /* CartProductCard.swift in Sources */,
				A672E1D62AF1890100256BDD /* PfpPosts.swift in Sources */,
				A6EB1C4C2AD4A7F500A7A89F /* Landing.swift in Sources */,
				A69B73CE2AED5A55008DE77E /* Events.swift in Sources */,
				A6CBB1782ADE3B16001437C7 /* Messages.swift in Sources */,
				A6FBD3122ADF3D6000BC0F60 /* CustomChatInput.swift in Sources */,
				A6EB1C532AD4B4FF00A7A89F /* SignUp.swift in Sources */,
				A6CBE8E02AD8FAE600379839 /* PostData.swift in Sources */,
				A6EB1C092AD3310600A7A89F /* OnCampAppApp.swift in Sources */,
				A6DD76B92AF6BFA1000856F2 /* UserManager.swift in Sources */,
				A672E1D22AF1733E00256BDD /* CreateEventsPost.swift in Sources */,
				A6FBD30C2ADF258B00BC0F60 /* ChatBubble.swift in Sources */,
				A6FBD2FF2ADF080600BC0F60 /* CMPreviewBox.swift in Sources */,
				A6CBE8E42ADB263E00379839 /* PostlistView.swift in Sources */,
				A6CBE8DC2AD8F6DA00379839 /* Search.swift in Sources */,
				A6FBD31A2AE758D700BC0F60 /* DetailedCommentCell.swift in Sources */,
				A672E1D82AF1890B00256BDD /* PfpLikes.swift in Sources */,
				A6DD76BD2AF70C09000856F2 /* CategoryModel.swift in Sources */,
				A6DD76C52AF71E73000856F2 /* SmallProductCard.swift in Sources */,
				A6FBD3102ADF2E2200BC0F60 /* Chat.swift in Sources */,
				A6FBD3012ADF0EB200BC0F60 /* MessageCell.swift in Sources */,
				A6EB1C4F2AD4B39C00A7A89F /* SignIn.swift in Sources */,
				A6FBD3162AE74B3F00BC0F60 /* DetailedPosts.swift in Sources */,
				A6CBE8CF2AD8EFCE00379839 /* PostCell.swift in Sources */,
				A69B73CC2AEC0E00008DE77E /* ProfileHeaderCell.swift in Sources */,
				A6CBE8D42AD8F5FE00379839 /* TabBar.swift in Sources */,
				A6EB1C592AD4C10E00A7A89F /* AuthViewModel.swift in Sources */,
				A6CBE8D62AD8F64F00379839 /* CreatePost.swift in Sources */,
				A6DD76C72AF7204D000856F2 /* Cart.swift in Sources */,
				A6FBD3182AE7588400BC0F60 /* DetailedPostCell.swift in Sources */,
				A6CBE8D12AD8F09100379839 /* UserCell.swift in Sources */,
				A6CBE8CD2AD8EF9F00379839 /* CircularProfilePicture.swift in Sources */,
				A6807D5E2AF0AFEF0088E934 /* EventData.swift in Sources */,
				A6CBB17C2ADEFA28001437C7 /* UserPostView.swift in Sources */,
				A6DD76C12AF712C6000856F2 /* ProductCard.swift in Sources */,
				A6DD76B72AF5E9B4000856F2 /* AuthData.swift in Sources */,
				A6DD76C32AF71AAF000856F2 /* Collections.swift in Sources */,
				A6EB1C572AD4BF1100A7A89F /* SelectInterests.swift in Sources */,
				A6FBD3082ADF19EC00BC0F60 /* MessagesTabBar.swift in Sources */,
				A672E1DA2AF1891600256BDD /* PfpReposts.swift in Sources */,
				A6FBD2FB2ADEFD3700BC0F60 /* Social.swift in Sources */,
				A6EB1C5E2AD4C3B000A7A89F /* imagePicker.swift in Sources */,
				A6CBE8C62AD8EEC000379839 /* Profile.swift in Sources */,
				A6DD76BB2AF708AC000856F2 /* CategoryList.swift in Sources */,
				A6FBD30E2ADF28A500BC0F60 /* DetailedChatBubbles.swift in Sources */,
				A6CBE8E82ADB6DDC00379839 /* usernameSearch.swift in Sources */,
				A6CBE8E22ADA0F3700379839 /* Signoutbutton.swift in Sources */,
				A6EB1C5C2AD4C30100A7A89F /* UserData.swift in Sources */,
				A6CBB17A2ADE416C001437C7 /* MessageData.swift in Sources */,
				A6FBD3032ADF0EC900BC0F60 /* ChannelCell.swift in Sources */,
				A6CBE8D82AD8F65F00379839 /* Marketplace.swift in Sources */,
				A6FBD2FD2ADF015000BC0F60 /* Notifications.swift in Sources */,
				A6DD76BF2AF70CEF000856F2 /* Product.swift in Sources */,
				A6FBD30A2ADF1BF600BC0F60 /* Channels.swift in Sources */,
				A6EB1C512AD4B4C200A7A89F /* ForgotPassword.swift in Sources */,
				A6CBE8C82AD8EEEC00379839 /* EditProfile.swift in Sources */,
				A6DD76B52AF5E67C000856F2 /* VendorData.swift in Sources */,
			);
			runOnlyForDeploymentPostprocessing = 0;
		};
		A6EB1C112AD3310800A7A89F /* Sources */ = {
			isa = PBXSourcesBuildPhase;
			buildActionMask = 2147483647;
			files = (
				A6EB1C1A2AD3310800A7A89F /* OnCampAppTests.swift in Sources */,
			);
			runOnlyForDeploymentPostprocessing = 0;
		};
		A6EB1C1B2AD3310800A7A89F /* Sources */ = {
			isa = PBXSourcesBuildPhase;
			buildActionMask = 2147483647;
			files = (
				A6EB1C262AD3310800A7A89F /* OnCampAppUITestsLaunchTests.swift in Sources */,
				A6EB1C242AD3310800A7A89F /* OnCampAppUITests.swift in Sources */,
			);
			runOnlyForDeploymentPostprocessing = 0;
		};
/* End PBXSourcesBuildPhase section */

/* Begin PBXTargetDependency section */
		A6EB1C172AD3310800A7A89F /* PBXTargetDependency */ = {
			isa = PBXTargetDependency;
			target = A6EB1C042AD3310600A7A89F /* OnCampApp */;
			targetProxy = A6EB1C162AD3310800A7A89F /* PBXContainerItemProxy */;
		};
		A6EB1C212AD3310800A7A89F /* PBXTargetDependency */ = {
			isa = PBXTargetDependency;
			target = A6EB1C042AD3310600A7A89F /* OnCampApp */;
			targetProxy = A6EB1C202AD3310800A7A89F /* PBXContainerItemProxy */;
		};
/* End PBXTargetDependency section */

/* Begin XCBuildConfiguration section */
		A6EB1C272AD3310800A7A89F /* Debug */ = {
			isa = XCBuildConfiguration;
			buildSettings = {
				ALWAYS_SEARCH_USER_PATHS = NO;
				CLANG_ANALYZER_NONNULL = YES;
				CLANG_ANALYZER_NUMBER_OBJECT_CONVERSION = YES_AGGRESSIVE;
				CLANG_CXX_LANGUAGE_STANDARD = "gnu++20";
				CLANG_ENABLE_MODULES = YES;
				CLANG_ENABLE_OBJC_ARC = YES;
				CLANG_ENABLE_OBJC_WEAK = YES;
				CLANG_WARN_BLOCK_CAPTURE_AUTORELEASING = YES;
				CLANG_WARN_BOOL_CONVERSION = YES;
				CLANG_WARN_COMMA = YES;
				CLANG_WARN_CONSTANT_CONVERSION = YES;
				CLANG_WARN_DEPRECATED_OBJC_IMPLEMENTATIONS = YES;
				CLANG_WARN_DIRECT_OBJC_ISA_USAGE = YES_ERROR;
				CLANG_WARN_DOCUMENTATION_COMMENTS = YES;
				CLANG_WARN_EMPTY_BODY = YES;
				CLANG_WARN_ENUM_CONVERSION = YES;
				CLANG_WARN_INFINITE_RECURSION = YES;
				CLANG_WARN_INT_CONVERSION = YES;
				CLANG_WARN_NON_LITERAL_NULL_CONVERSION = YES;
				CLANG_WARN_OBJC_IMPLICIT_RETAIN_SELF = YES;
				CLANG_WARN_OBJC_LITERAL_CONVERSION = YES;
				CLANG_WARN_OBJC_ROOT_CLASS = YES_ERROR;
				CLANG_WARN_QUOTED_INCLUDE_IN_FRAMEWORK_HEADER = YES;
				CLANG_WARN_RANGE_LOOP_ANALYSIS = YES;
				CLANG_WARN_STRICT_PROTOTYPES = YES;
				CLANG_WARN_SUSPICIOUS_MOVE = YES;
				CLANG_WARN_UNGUARDED_AVAILABILITY = YES_AGGRESSIVE;
				CLANG_WARN_UNREACHABLE_CODE = YES;
				CLANG_WARN__DUPLICATE_METHOD_MATCH = YES;
				COPY_PHASE_STRIP = NO;
				DEBUG_INFORMATION_FORMAT = dwarf;
				ENABLE_STRICT_OBJC_MSGSEND = YES;
				ENABLE_TESTABILITY = YES;
				GCC_C_LANGUAGE_STANDARD = gnu11;
				GCC_DYNAMIC_NO_PIC = NO;
				GCC_NO_COMMON_BLOCKS = YES;
				GCC_OPTIMIZATION_LEVEL = 0;
				GCC_PREPROCESSOR_DEFINITIONS = (
					"DEBUG=1",
					"$(inherited)",
				);
				GCC_WARN_64_TO_32_BIT_CONVERSION = YES;
				GCC_WARN_ABOUT_RETURN_TYPE = YES_ERROR;
				GCC_WARN_UNDECLARED_SELECTOR = YES;
				GCC_WARN_UNINITIALIZED_AUTOS = YES_AGGRESSIVE;
				GCC_WARN_UNUSED_FUNCTION = YES;
				GCC_WARN_UNUSED_VARIABLE = YES;
				IPHONEOS_DEPLOYMENT_TARGET = 16.4;
				MTL_ENABLE_DEBUG_INFO = INCLUDE_SOURCE;
				MTL_FAST_MATH = YES;
				ONLY_ACTIVE_ARCH = YES;
				SDKROOT = iphoneos;
				SWIFT_ACTIVE_COMPILATION_CONDITIONS = DEBUG;
				SWIFT_OPTIMIZATION_LEVEL = "-Onone";
			};
			name = Debug;
		};
		A6EB1C282AD3310800A7A89F /* Release */ = {
			isa = XCBuildConfiguration;
			buildSettings = {
				ALWAYS_SEARCH_USER_PATHS = NO;
				CLANG_ANALYZER_NONNULL = YES;
				CLANG_ANALYZER_NUMBER_OBJECT_CONVERSION = YES_AGGRESSIVE;
				CLANG_CXX_LANGUAGE_STANDARD = "gnu++20";
				CLANG_ENABLE_MODULES = YES;
				CLANG_ENABLE_OBJC_ARC = YES;
				CLANG_ENABLE_OBJC_WEAK = YES;
				CLANG_WARN_BLOCK_CAPTURE_AUTORELEASING = YES;
				CLANG_WARN_BOOL_CONVERSION = YES;
				CLANG_WARN_COMMA = YES;
				CLANG_WARN_CONSTANT_CONVERSION = YES;
				CLANG_WARN_DEPRECATED_OBJC_IMPLEMENTATIONS = YES;
				CLANG_WARN_DIRECT_OBJC_ISA_USAGE = YES_ERROR;
				CLANG_WARN_DOCUMENTATION_COMMENTS = YES;
				CLANG_WARN_EMPTY_BODY = YES;
				CLANG_WARN_ENUM_CONVERSION = YES;
				CLANG_WARN_INFINITE_RECURSION = YES;
				CLANG_WARN_INT_CONVERSION = YES;
				CLANG_WARN_NON_LITERAL_NULL_CONVERSION = YES;
				CLANG_WARN_OBJC_IMPLICIT_RETAIN_SELF = YES;
				CLANG_WARN_OBJC_LITERAL_CONVERSION = YES;
				CLANG_WARN_OBJC_ROOT_CLASS = YES_ERROR;
				CLANG_WARN_QUOTED_INCLUDE_IN_FRAMEWORK_HEADER = YES;
				CLANG_WARN_RANGE_LOOP_ANALYSIS = YES;
				CLANG_WARN_STRICT_PROTOTYPES = YES;
				CLANG_WARN_SUSPICIOUS_MOVE = YES;
				CLANG_WARN_UNGUARDED_AVAILABILITY = YES_AGGRESSIVE;
				CLANG_WARN_UNREACHABLE_CODE = YES;
				CLANG_WARN__DUPLICATE_METHOD_MATCH = YES;
				COPY_PHASE_STRIP = NO;
				DEBUG_INFORMATION_FORMAT = "dwarf-with-dsym";
				ENABLE_NS_ASSERTIONS = NO;
				ENABLE_STRICT_OBJC_MSGSEND = YES;
				GCC_C_LANGUAGE_STANDARD = gnu11;
				GCC_NO_COMMON_BLOCKS = YES;
				GCC_WARN_64_TO_32_BIT_CONVERSION = YES;
				GCC_WARN_ABOUT_RETURN_TYPE = YES_ERROR;
				GCC_WARN_UNDECLARED_SELECTOR = YES;
				GCC_WARN_UNINITIALIZED_AUTOS = YES_AGGRESSIVE;
				GCC_WARN_UNUSED_FUNCTION = YES;
				GCC_WARN_UNUSED_VARIABLE = YES;
				IPHONEOS_DEPLOYMENT_TARGET = 16.4;
				MTL_ENABLE_DEBUG_INFO = NO;
				MTL_FAST_MATH = YES;
				SDKROOT = iphoneos;
				SWIFT_COMPILATION_MODE = wholemodule;
				SWIFT_OPTIMIZATION_LEVEL = "-O";
				VALIDATE_PRODUCT = YES;
			};
			name = Release;
		};
		A6EB1C2A2AD3310800A7A89F /* Debug */ = {
			isa = XCBuildConfiguration;
			buildSettings = {
				ASSETCATALOG_COMPILER_APPICON_NAME = AppIcon;
				ASSETCATALOG_COMPILER_GLOBAL_ACCENT_COLOR_NAME = AccentColor;
				CODE_SIGN_STYLE = Automatic;
				CURRENT_PROJECT_VERSION = 1;
				DEVELOPMENT_ASSET_PATHS = "\"OnCampApp/Preview Content\"";
				DEVELOPMENT_TEAM = X6SKK4TJK7;
				ENABLE_PREVIEWS = YES;
				GENERATE_INFOPLIST_FILE = YES;
				INFOPLIST_KEY_UIApplicationSceneManifest_Generation = YES;
				INFOPLIST_KEY_UIApplicationSupportsIndirectInputEvents = YES;
				INFOPLIST_KEY_UILaunchScreen_Generation = YES;
				INFOPLIST_KEY_UISupportedInterfaceOrientations_iPad = "UIInterfaceOrientationPortrait UIInterfaceOrientationPortraitUpsideDown UIInterfaceOrientationLandscapeLeft UIInterfaceOrientationLandscapeRight";
				INFOPLIST_KEY_UISupportedInterfaceOrientations_iPhone = "UIInterfaceOrientationPortrait UIInterfaceOrientationLandscapeLeft UIInterfaceOrientationLandscapeRight";
				LD_RUNPATH_SEARCH_PATHS = (
					"$(inherited)",
					"@executable_path/Frameworks",
				);
				MARKETING_VERSION = 1.0;
				PRODUCT_BUNDLE_IDENTIFIER = "Smith-And-Washington-Digital-Design-LLC.OnCampApp";
				PRODUCT_NAME = "$(TARGET_NAME)";
				SWIFT_EMIT_LOC_STRINGS = YES;
				SWIFT_VERSION = 5.0;
				TARGETED_DEVICE_FAMILY = "1,2";
			};
			name = Debug;
		};
		A6EB1C2B2AD3310800A7A89F /* Release */ = {
			isa = XCBuildConfiguration;
			buildSettings = {
				ASSETCATALOG_COMPILER_APPICON_NAME = AppIcon;
				ASSETCATALOG_COMPILER_GLOBAL_ACCENT_COLOR_NAME = AccentColor;
				CODE_SIGN_STYLE = Automatic;
				CURRENT_PROJECT_VERSION = 1;
				DEVELOPMENT_ASSET_PATHS = "\"OnCampApp/Preview Content\"";
				DEVELOPMENT_TEAM = X6SKK4TJK7;
				ENABLE_PREVIEWS = YES;
				GENERATE_INFOPLIST_FILE = YES;
				INFOPLIST_KEY_UIApplicationSceneManifest_Generation = YES;
				INFOPLIST_KEY_UIApplicationSupportsIndirectInputEvents = YES;
				INFOPLIST_KEY_UILaunchScreen_Generation = YES;
				INFOPLIST_KEY_UISupportedInterfaceOrientations_iPad = "UIInterfaceOrientationPortrait UIInterfaceOrientationPortraitUpsideDown UIInterfaceOrientationLandscapeLeft UIInterfaceOrientationLandscapeRight";
				INFOPLIST_KEY_UISupportedInterfaceOrientations_iPhone = "UIInterfaceOrientationPortrait UIInterfaceOrientationLandscapeLeft UIInterfaceOrientationLandscapeRight";
				LD_RUNPATH_SEARCH_PATHS = (
					"$(inherited)",
					"@executable_path/Frameworks",
				);
				MARKETING_VERSION = 1.0;
				PRODUCT_BUNDLE_IDENTIFIER = "Smith-And-Washington-Digital-Design-LLC.OnCampApp";
				PRODUCT_NAME = "$(TARGET_NAME)";
				SWIFT_EMIT_LOC_STRINGS = YES;
				SWIFT_VERSION = 5.0;
				TARGETED_DEVICE_FAMILY = "1,2";
			};
			name = Release;
		};
		A6EB1C2D2AD3310800A7A89F /* Debug */ = {
			isa = XCBuildConfiguration;
			buildSettings = {
				ALWAYS_EMBED_SWIFT_STANDARD_LIBRARIES = YES;
				BUNDLE_LOADER = "$(TEST_HOST)";
				CODE_SIGN_STYLE = Automatic;
				CURRENT_PROJECT_VERSION = 1;
				DEVELOPMENT_TEAM = X6SKK4TJK7;
				GENERATE_INFOPLIST_FILE = YES;
				IPHONEOS_DEPLOYMENT_TARGET = 16.4;
				MARKETING_VERSION = 1.0;
				PRODUCT_BUNDLE_IDENTIFIER = "Smith-And-Washington-Digital-Design-LLC.OnCampAppTests";
				PRODUCT_NAME = "$(TARGET_NAME)";
				SWIFT_EMIT_LOC_STRINGS = NO;
				SWIFT_VERSION = 5.0;
				TARGETED_DEVICE_FAMILY = "1,2";
				TEST_HOST = "$(BUILT_PRODUCTS_DIR)/OnCampApp.app/$(BUNDLE_EXECUTABLE_FOLDER_PATH)/OnCampApp";
			};
			name = Debug;
		};
		A6EB1C2E2AD3310800A7A89F /* Release */ = {
			isa = XCBuildConfiguration;
			buildSettings = {
				ALWAYS_EMBED_SWIFT_STANDARD_LIBRARIES = YES;
				BUNDLE_LOADER = "$(TEST_HOST)";
				CODE_SIGN_STYLE = Automatic;
				CURRENT_PROJECT_VERSION = 1;
				DEVELOPMENT_TEAM = X6SKK4TJK7;
				GENERATE_INFOPLIST_FILE = YES;
				IPHONEOS_DEPLOYMENT_TARGET = 16.4;
				MARKETING_VERSION = 1.0;
				PRODUCT_BUNDLE_IDENTIFIER = "Smith-And-Washington-Digital-Design-LLC.OnCampAppTests";
				PRODUCT_NAME = "$(TARGET_NAME)";
				SWIFT_EMIT_LOC_STRINGS = NO;
				SWIFT_VERSION = 5.0;
				TARGETED_DEVICE_FAMILY = "1,2";
				TEST_HOST = "$(BUILT_PRODUCTS_DIR)/OnCampApp.app/$(BUNDLE_EXECUTABLE_FOLDER_PATH)/OnCampApp";
			};
			name = Release;
		};
		A6EB1C302AD3310800A7A89F /* Debug */ = {
			isa = XCBuildConfiguration;
			buildSettings = {
				ALWAYS_EMBED_SWIFT_STANDARD_LIBRARIES = YES;
				CODE_SIGN_STYLE = Automatic;
				CURRENT_PROJECT_VERSION = 1;
				DEVELOPMENT_TEAM = X6SKK4TJK7;
				GENERATE_INFOPLIST_FILE = YES;
				MARKETING_VERSION = 1.0;
				PRODUCT_BUNDLE_IDENTIFIER = "Smith-And-Washington-Digital-Design-LLC.OnCampAppUITests";
				PRODUCT_NAME = "$(TARGET_NAME)";
				SWIFT_EMIT_LOC_STRINGS = NO;
				SWIFT_VERSION = 5.0;
				TARGETED_DEVICE_FAMILY = "1,2";
				TEST_TARGET_NAME = OnCampApp;
			};
			name = Debug;
		};
		A6EB1C312AD3310800A7A89F /* Release */ = {
			isa = XCBuildConfiguration;
			buildSettings = {
				ALWAYS_EMBED_SWIFT_STANDARD_LIBRARIES = YES;
				CODE_SIGN_STYLE = Automatic;
				CURRENT_PROJECT_VERSION = 1;
				DEVELOPMENT_TEAM = X6SKK4TJK7;
				GENERATE_INFOPLIST_FILE = YES;
				MARKETING_VERSION = 1.0;
				PRODUCT_BUNDLE_IDENTIFIER = "Smith-And-Washington-Digital-Design-LLC.OnCampAppUITests";
				PRODUCT_NAME = "$(TARGET_NAME)";
				SWIFT_EMIT_LOC_STRINGS = NO;
				SWIFT_VERSION = 5.0;
				TARGETED_DEVICE_FAMILY = "1,2";
				TEST_TARGET_NAME = OnCampApp;
			};
			name = Release;
		};
/* End XCBuildConfiguration section */

/* Begin XCConfigurationList section */
		A6EB1C002AD3310600A7A89F /* Build configuration list for PBXProject "OnCampApp" */ = {
			isa = XCConfigurationList;
			buildConfigurations = (
				A6EB1C272AD3310800A7A89F /* Debug */,
				A6EB1C282AD3310800A7A89F /* Release */,
			);
			defaultConfigurationIsVisible = 0;
			defaultConfigurationName = Release;
		};
		A6EB1C292AD3310800A7A89F /* Build configuration list for PBXNativeTarget "OnCampApp" */ = {
			isa = XCConfigurationList;
			buildConfigurations = (
				A6EB1C2A2AD3310800A7A89F /* Debug */,
				A6EB1C2B2AD3310800A7A89F /* Release */,
			);
			defaultConfigurationIsVisible = 0;
			defaultConfigurationName = Release;
		};
		A6EB1C2C2AD3310800A7A89F /* Build configuration list for PBXNativeTarget "OnCampAppTests" */ = {
			isa = XCConfigurationList;
			buildConfigurations = (
				A6EB1C2D2AD3310800A7A89F /* Debug */,
				A6EB1C2E2AD3310800A7A89F /* Release */,
			);
			defaultConfigurationIsVisible = 0;
			defaultConfigurationName = Release;
		};
		A6EB1C2F2AD3310800A7A89F /* Build configuration list for PBXNativeTarget "OnCampAppUITests" */ = {
			isa = XCConfigurationList;
			buildConfigurations = (
				A6EB1C302AD3310800A7A89F /* Debug */,
				A6EB1C312AD3310800A7A89F /* Release */,
			);
			defaultConfigurationIsVisible = 0;
			defaultConfigurationName = Release;
		};
/* End XCConfigurationList section */

/* Begin XCRemoteSwiftPackageReference section */
		A668E6802AF801CC0074A2A5 /* XCRemoteSwiftPackageReference "firebase-ios-sdk" */ = {
			isa = XCRemoteSwiftPackageReference;
			repositoryURL = "https://github.com/firebase/firebase-ios-sdk.git";
			requirement = {
				kind = upToNextMajorVersion;
				minimumVersion = 10.0.0;
			};
		};
/* End XCRemoteSwiftPackageReference section */

/* Begin XCSwiftPackageProductDependency section */
		A668E6812AF801CC0074A2A5 /* FirebaseAnalytics */ = {
			isa = XCSwiftPackageProductDependency;
			package = A668E6802AF801CC0074A2A5 /* XCRemoteSwiftPackageReference "firebase-ios-sdk" */;
			productName = FirebaseAnalytics;
		};
		A668E6832AF801CC0074A2A5 /* FirebaseAppDistribution-Beta */ = {
			isa = XCSwiftPackageProductDependency;
			package = A668E6802AF801CC0074A2A5 /* XCRemoteSwiftPackageReference "firebase-ios-sdk" */;
			productName = "FirebaseAppDistribution-Beta";
		};
		A668E6852AF801CC0074A2A5 /* FirebaseAuth */ = {
			isa = XCSwiftPackageProductDependency;
			package = A668E6802AF801CC0074A2A5 /* XCRemoteSwiftPackageReference "firebase-ios-sdk" */;
			productName = FirebaseAuth;
		};
		A668E6872AF801CC0074A2A5 /* FirebaseCrashlytics */ = {
			isa = XCSwiftPackageProductDependency;
			package = A668E6802AF801CC0074A2A5 /* XCRemoteSwiftPackageReference "firebase-ios-sdk" */;
			productName = FirebaseCrashlytics;
		};
		A668E6892AF801CC0074A2A5 /* FirebaseFirestore */ = {
			isa = XCSwiftPackageProductDependency;
			package = A668E6802AF801CC0074A2A5 /* XCRemoteSwiftPackageReference "firebase-ios-sdk" */;
			productName = FirebaseFirestore;
		};
		A668E68B2AF801CC0074A2A5 /* FirebaseFirestoreSwift */ = {
			isa = XCSwiftPackageProductDependency;
			package = A668E6802AF801CC0074A2A5 /* XCRemoteSwiftPackageReference "firebase-ios-sdk" */;
			productName = FirebaseFirestoreSwift;
		};
		A668E68D2AF801CC0074A2A5 /* FirebaseFunctions */ = {
			isa = XCSwiftPackageProductDependency;
			package = A668E6802AF801CC0074A2A5 /* XCRemoteSwiftPackageReference "firebase-ios-sdk" */;
			productName = FirebaseFunctions;
		};
		A668E68F2AF801CC0074A2A5 /* FirebaseInAppMessaging-Beta */ = {
			isa = XCSwiftPackageProductDependency;
			package = A668E6802AF801CC0074A2A5 /* XCRemoteSwiftPackageReference "firebase-ios-sdk" */;
			productName = "FirebaseInAppMessaging-Beta";
		};
		A668E6912AF801CC0074A2A5 /* FirebaseInAppMessagingSwift-Beta */ = {
			isa = XCSwiftPackageProductDependency;
			package = A668E6802AF801CC0074A2A5 /* XCRemoteSwiftPackageReference "firebase-ios-sdk" */;
			productName = "FirebaseInAppMessagingSwift-Beta";
		};
		A668E6932AF801CC0074A2A5 /* FirebaseMessaging */ = {
			isa = XCSwiftPackageProductDependency;
			package = A668E6802AF801CC0074A2A5 /* XCRemoteSwiftPackageReference "firebase-ios-sdk" */;
			productName = FirebaseMessaging;
		};
		A668E6952AF801CC0074A2A5 /* FirebasePerformance */ = {
			isa = XCSwiftPackageProductDependency;
			package = A668E6802AF801CC0074A2A5 /* XCRemoteSwiftPackageReference "firebase-ios-sdk" */;
			productName = FirebasePerformance;
		};
		A668E6972AF801CC0074A2A5 /* FirebaseStorage */ = {
			isa = XCSwiftPackageProductDependency;
			package = A668E6802AF801CC0074A2A5 /* XCRemoteSwiftPackageReference "firebase-ios-sdk" */;
			productName = FirebaseStorage;
		};
		A668E6992AF801CC0074A2A5 /* FirebaseStorageCombine-Community */ = {
			isa = XCSwiftPackageProductDependency;
			package = A668E6802AF801CC0074A2A5 /* XCRemoteSwiftPackageReference "firebase-ios-sdk" */;
			productName = "FirebaseStorageCombine-Community";
		};
/* End XCSwiftPackageProductDependency section */
	};
	rootObject = A6EB1BFD2AD3310600A7A89F /* Project object */;
}
